// !$*UTF8*$!
{
	archiveVersion = 1;
	classes = {
	};
	objectVersion = 77;
	objects = {

/* Begin PBXFileReference section */
		6DF99B472F4A643900FD5D15 /* Keynote Outliner.app */ = {isa = PBXFileReference; explicitFileType = wrapper.application; includeInIndex = 0; path = "Keynote Outliner.app"; sourceTree = BUILT_PRODUCTS_DIR; };
		E19F10022F4A643900FD5D15 /* Keynote OutlinerTests.xctest */ = {isa = PBXFileReference; explicitFileType = wrapper.cfbundle; includeInIndex = 0; path = "Keynote OutlinerTests.xctest"; sourceTree = BUILT_PRODUCTS_DIR; };
		E19F20022F4A643900FD5D15 /* Keynote OutlinerUITests.xctest */ = {isa = PBXFileReference; explicitFileType = wrapper.cfbundle; includeInIndex = 0; path = "Keynote OutlinerUITests.xctest"; sourceTree = BUILT_PRODUCTS_DIR; };
/* End PBXFileReference section */

/* Begin PBXFileSystemSynchronizedRootGroup section */
		6DF99B492F4A643900FD5D15 /* Keynote Outliner */ = {
			isa = PBXFileSystemSynchronizedRootGroup;
			path = "Keynote Outliner";
			sourceTree = "<group>";
		};
		E19F10032F4A643900FD5D15 /* Keynote OutlinerTests */ = {
			isa = PBXFileSystemSynchronizedRootGroup;
			path = "Keynote OutlinerTests";
			sourceTree = "<group>";
		};
		E19F20032F4A643900FD5D15 /* Keynote OutlinerUITests */ = {
			isa = PBXFileSystemSynchronizedRootGroup;
			path = "Keynote OutlinerUITests";
			sourceTree = "<group>";
		};
/* End PBXFileSystemSynchronizedRootGroup section */

/* Begin PBXFrameworksBuildPhase section */
		6DF99B442F4A643900FD5D15 /* Frameworks */ = {
			isa = PBXFrameworksBuildPhase;
			buildActionMask = 2147483647;
			files = (
			);
			runOnlyForDeploymentPostprocessing = 0;
		};
		E19F10042F4A643900FD5D15 /* Frameworks */ = {
			isa = PBXFrameworksBuildPhase;
			buildActionMask = 2147483647;
			files = (
			);
			runOnlyForDeploymentPostprocessing = 0;
		};
/* End PBXFrameworksBuildPhase section */

/* Begin PBXGroup section */
		6DF99B3E2F4A643900FD5D15 = {
			isa = PBXGroup;
			children = (
				6DF99B492F4A643900FD5D15 /* Keynote Outliner */,
				E19F10032F4A643900FD5D15 /* Keynote OutlinerTests */,
				E19F20032F4A643900FD5D15 /* Keynote OutlinerUITests */,
				6DF99B482F4A643900FD5D15 /* Products */,
			);
			sourceTree = "<group>";
		};
		6DF99B482F4A643900FD5D15 /* Products */ = {
			isa = PBXGroup;
			children = (
				6DF99B472F4A643900FD5D15 /* Keynote Outliner.app */,
				E19F10022F4A643900FD5D15 /* Keynote OutlinerTests.xctest */,
				E19F20022F4A643900FD5D15 /* Keynote OutlinerUITests.xctest */,
			);
			name = Products;
			sourceTree = "<group>";
		};
/* End PBXGroup section */

/* Begin PBXNativeTarget section */
		6DF99B462F4A643900FD5D15 /* Keynote Outliner */ = {
			isa = PBXNativeTarget;
			buildConfigurationList = 6DF99B522F4A643A00FD5D15 /* Build configuration list for PBXNativeTarget "Keynote Outliner" */;
			buildPhases = (
				6DF99B432F4A643900FD5D15 /* Sources */,
				6DF99B442F4A643900FD5D15 /* Frameworks */,
				6DF99B452F4A643900FD5D15 /* Resources */,
			);
			buildRules = (
			);
			dependencies = (
			);
			fileSystemSynchronizedGroups = (
				6DF99B492F4A643900FD5D15 /* Keynote Outliner */,
			);
			name = "Keynote Outliner";
			packageProductDependencies = (
			);
			productName = "Keynote Outliner";
			productReference = 6DF99B472F4A643900FD5D15 /* Keynote Outliner.app */;
			productType = "com.apple.product-type.application";
		};
		E19F10052F4A643900FD5D15 /* Keynote OutlinerTests */ = {
			isa = PBXNativeTarget;
			buildConfigurationList = E19F100B2F4A643900FD5D15 /* Build configuration list for PBXNativeTarget "Keynote OutlinerTests" */;
			buildPhases = (
				E19F10072F4A643900FD5D15 /* Sources */,
				E19F10042F4A643900FD5D15 /* Frameworks */,
				E19F10062F4A643900FD5D15 /* Resources */,
			);
			buildRules = (
			);
			dependencies = (
				E19F10082F4A643900FD5D15 /* PBXTargetDependency */,
			);
			fileSystemSynchronizedGroups = (
				E19F10032F4A643900FD5D15 /* Keynote OutlinerTests */,
			);
			name = "Keynote OutlinerTests";
			packageProductDependencies = (
			);
			productName = "Keynote OutlinerTests";
			productReference = E19F10022F4A643900FD5D15 /* Keynote OutlinerTests.xctest */;
			productType = "com.apple.product-type.bundle.unit-test";
		};
		E19F20052F4A643900FD5D15 /* Keynote OutlinerUITests */ = {
			isa = PBXNativeTarget;
			buildConfigurationList = E19F200A2F4A643900FD5D15 /* Build configuration list for PBXNativeTarget "Keynote OutlinerUITests" */;
			buildPhases = (
				E19F20062F4A643900FD5D15 /* Sources */,
			);
			buildRules = (
			);
			dependencies = (
				E19F20082F4A643900FD5D15 /* PBXTargetDependency */,
			);
			fileSystemSynchronizedGroups = (
				E19F20032F4A643900FD5D15 /* Keynote OutlinerUITests */,
			);
			name = "Keynote OutlinerUITests";
			packageProductDependencies = (
			);
			productName = "Keynote OutlinerUITests";
			productReference = E19F20022F4A643900FD5D15 /* Keynote OutlinerUITests.xctest */;
			productType = "com.apple.product-type.bundle.ui-testing";
		};
/* End PBXNativeTarget section */

/* Begin PBXProject section */
		6DF99B3F2F4A643900FD5D15 /* Project object */ = {
			isa = PBXProject;
			attributes = {
				BuildIndependentTargetsInParallel = 1;
				LastSwiftUpdateCheck = 2630;
				LastUpgradeCheck = 2630;
				TargetAttributes = {
					6DF99B462F4A643900FD5D15 = {
						CreatedOnToolsVersion = 26.3;
					};
					E19F10052F4A643900FD5D15 = {
						CreatedOnToolsVersion = 26.3;
						TestTargetID = 6DF99B462F4A643900FD5D15;
					};
					E19F20052F4A643900FD5D15 = {
						CreatedOnToolsVersion = 26.3;
						TestTargetID = 6DF99B462F4A643900FD5D15;
					};
				};
			};
			buildConfigurationList = 6DF99B422F4A643900FD5D15 /* Build configuration list for PBXProject "Keynote Outliner" */;
			developmentRegion = en;
			hasScannedForEncodings = 0;
			knownRegions = (
				en,
				Base,
			);
			mainGroup = 6DF99B3E2F4A643900FD5D15;
			minimizedProjectReferenceProxies = 1;
			preferredProjectObjectVersion = 77;
			productRefGroup = 6DF99B482F4A643900FD5D15 /* Products */;
			projectDirPath = "";
			projectRoot = "";
			targets = (
				6DF99B462F4A643900FD5D15 /* Keynote Outliner */,
				E19F10052F4A643900FD5D15 /* Keynote OutlinerTests */,
				E19F20052F4A643900FD5D15 /* Keynote OutlinerUITests */,
			);
		};
/* End PBXProject section */

/* Begin PBXResourcesBuildPhase section */
		6DF99B452F4A643900FD5D15 /* Resources */ = {
			isa = PBXResourcesBuildPhase;
			buildActionMask = 2147483647;
			files = (
			);
			runOnlyForDeploymentPostprocessing = 0;
		};
		E19F10062F4A643900FD5D15 /* Resources */ = {
			isa = PBXResourcesBuildPhase;
			buildActionMask = 2147483647;
			files = (
			);
			runOnlyForDeploymentPostprocessing = 0;
		};
/* End PBXResourcesBuildPhase section */

/* Begin PBXSourcesBuildPhase section */
		6DF99B432F4A643900FD5D15 /* Sources */ = {
			isa = PBXSourcesBuildPhase;
			buildActionMask = 2147483647;
			files = (
			);
			runOnlyForDeploymentPostprocessing = 0;
		};
		E19F10072F4A643900FD5D15 /* Sources */ = {
			isa = PBXSourcesBuildPhase;
			buildActionMask = 2147483647;
			files = (
			);
			runOnlyForDeploymentPostprocessing = 0;
		};
		E19F20062F4A643900FD5D15 /* Sources */ = {
			isa = PBXSourcesBuildPhase;
			buildActionMask = 2147483647;
			files = (
			);
			runOnlyForDeploymentPostprocessing = 0;
		};
/* End PBXSourcesBuildPhase section */

/* Begin PBXContainerItemProxy section */
		E19F10012F4A643900FD5D15 /* PBXContainerItemProxy */ = {
			isa = PBXContainerItemProxy;
			containerPortal = 6DF99B3F2F4A643900FD5D15 /* Project object */;
			proxyType = 1;
			remoteGlobalIDString = 6DF99B462F4A643900FD5D15;
			remoteInfo = "Keynote Outliner";
		};
		E19F20012F4A643900FD5D15 /* PBXContainerItemProxy */ = {
			isa = PBXContainerItemProxy;
			containerPortal = 6DF99B3F2F4A643900FD5D15 /* Project object */;
			proxyType = 1;
			remoteGlobalIDString = 6DF99B462F4A643900FD5D15;
			remoteInfo = "Keynote Outliner";
		};
/* End PBXContainerItemProxy section */

/* Begin PBXTargetDependency section */
		E19F10082F4A643900FD5D15 /* PBXTargetDependency */ = {
			isa = PBXTargetDependency;
			target = 6DF99B462F4A643900FD5D15 /* Keynote Outliner */;
			targetProxy = E19F10012F4A643900FD5D15 /* PBXContainerItemProxy */;
		};
		E19F20082F4A643900FD5D15 /* PBXTargetDependency */ = {
			isa = PBXTargetDependency;
			target = 6DF99B462F4A643900FD5D15 /* Keynote Outliner */;
			targetProxy = E19F20012F4A643900FD5D15 /* PBXContainerItemProxy */;
		};
/* End PBXTargetDependency section */

/* Begin XCBuildConfiguration section */
		6DF99B502F4A643A00FD5D15 /* Debug */ = {
			isa = XCBuildConfiguration;
			buildSettings = {
				ALWAYS_SEARCH_USER_PATHS = NO;
				ASSETCATALOG_COMPILER_GENERATE_SWIFT_ASSET_SYMBOL_EXTENSIONS = YES;
				CLANG_ANALYZER_NONNULL = YES;
				CLANG_ANALYZER_NUMBER_OBJECT_CONVERSION = YES_AGGRESSIVE;
				CLANG_CXX_LANGUAGE_STANDARD = "gnu++20";
				CLANG_ENABLE_MODULES = YES;
				CLANG_ENABLE_OBJC_ARC = YES;
				CLANG_ENABLE_OBJC_WEAK = YES;
				CLANG_WARN_BLOCK_CAPTURE_AUTORELEASING = YES;
				CLANG_WARN_BOOL_CONVERSION = YES;
				CLANG_WARN_COMMA = YES;
				CLANG_WARN_CONSTANT_CONVERSION = YES;
				CLANG_WARN_DEPRECATED_OBJC_IMPLEMENTATIONS = YES;
				CLANG_WARN_DIRECT_OBJC_ISA_USAGE = YES_ERROR;
				CLANG_WARN_DOCUMENTATION_COMMENTS = YES;
				CLANG_WARN_EMPTY_BODY = YES;
				CLANG_WARN_ENUM_CONVERSION = YES;
				CLANG_WARN_INFINITE_RECURSION = YES;
				CLANG_WARN_INT_CONVERSION = YES;
				CLANG_WARN_NON_LITERAL_NULL_CONVERSION = YES;
				CLANG_WARN_OBJC_IMPLICIT_RETAIN_SELF = YES;
				CLANG_WARN_OBJC_LITERAL_CONVERSION = YES;
				CLANG_WARN_OBJC_ROOT_CLASS = YES_ERROR;
				CLANG_WARN_QUOTED_INCLUDE_IN_FRAMEWORK_HEADER = YES;
				CLANG_WARN_RANGE_LOOP_ANALYSIS = YES;
				CLANG_WARN_STRICT_PROTOTYPES = YES;
				CLANG_WARN_SUSPICIOUS_MOVE = YES;
				CLANG_WARN_UNGUARDED_AVAILABILITY = YES_AGGRESSIVE;
				CLANG_WARN_UNREACHABLE_CODE = YES;
				CLANG_WARN__DUPLICATE_METHOD_MATCH = YES;
				COPY_PHASE_STRIP = NO;
				DEBUG_INFORMATION_FORMAT = dwarf;
				DEVELOPMENT_TEAM = V2D2TL57B8;
				ENABLE_STRICT_OBJC_MSGSEND = YES;
				ENABLE_TESTABILITY = YES;
				ENABLE_USER_SCRIPT_SANDBOXING = YES;
				GCC_C_LANGUAGE_STANDARD = gnu17;
				GCC_DYNAMIC_NO_PIC = NO;
				GCC_NO_COMMON_BLOCKS = YES;
				GCC_OPTIMIZATION_LEVEL = 0;
				GCC_PREPROCESSOR_DEFINITIONS = (
					"DEBUG=1",
					"$(inherited)",
				);
				GCC_WARN_64_TO_32_BIT_CONVERSION = YES;
				GCC_WARN_ABOUT_RETURN_TYPE = YES_ERROR;
				GCC_WARN_UNDECLARED_SELECTOR = YES;
				GCC_WARN_UNINITIALIZED_AUTOS = YES_AGGRESSIVE;
				GCC_WARN_UNUSED_FUNCTION = YES;
				GCC_WARN_UNUSED_VARIABLE = YES;
				LOCALIZATION_PREFERS_STRING_CATALOGS = YES;
				MACOSX_DEPLOYMENT_TARGET = 26.2;
				MTL_ENABLE_DEBUG_INFO = INCLUDE_SOURCE;
				MTL_FAST_MATH = YES;
				ONLY_ACTIVE_ARCH = YES;
				SDKROOT = macosx;
				SWIFT_ACTIVE_COMPILATION_CONDITIONS = "DEBUG $(inherited)";
				SWIFT_OPTIMIZATION_LEVEL = "-Onone";
			};
			name = Debug;
		};
		6DF99B512F4A643A00FD5D15 /* Release */ = {
			isa = XCBuildConfiguration;
			buildSettings = {
				ALWAYS_SEARCH_USER_PATHS = NO;
				ASSETCATALOG_COMPILER_GENERATE_SWIFT_ASSET_SYMBOL_EXTENSIONS = YES;
				CLANG_ANALYZER_NONNULL = YES;
				CLANG_ANALYZER_NUMBER_OBJECT_CONVERSION = YES_AGGRESSIVE;
				CLANG_CXX_LANGUAGE_STANDARD = "gnu++20";
				CLANG_ENABLE_MODULES = YES;
				CLANG_ENABLE_OBJC_ARC = YES;
				CLANG_ENABLE_OBJC_WEAK = YES;
				CLANG_WARN_BLOCK_CAPTURE_AUTORELEASING = YES;
				CLANG_WARN_BOOL_CONVERSION = YES;
				CLANG_WARN_COMMA = YES;
				CLANG_WARN_CONSTANT_CONVERSION = YES;
				CLANG_WARN_DEPRECATED_OBJC_IMPLEMENTATIONS = YES;
				CLANG_WARN_DIRECT_OBJC_ISA_USAGE = YES_ERROR;
				CLANG_WARN_DOCUMENTATION_COMMENTS = YES;
				CLANG_WARN_EMPTY_BODY = YES;
				CLANG_WARN_ENUM_CONVERSION = YES;
				CLANG_WARN_INFINITE_RECURSION = YES;
				CLANG_WARN_INT_CONVERSION = YES;
				CLANG_WARN_NON_LITERAL_NULL_CONVERSION = YES;
				CLANG_WARN_OBJC_IMPLICIT_RETAIN_SELF = YES;
				CLANG_WARN_OBJC_LITERAL_CONVERSION = YES;
				CLANG_WARN_OBJC_ROOT_CLASS = YES_ERROR;
				CLANG_WARN_QUOTED_INCLUDE_IN_FRAMEWORK_HEADER = YES;
				CLANG_WARN_RANGE_LOOP_ANALYSIS = YES;
				CLANG_WARN_STRICT_PROTOTYPES = YES;
				CLANG_WARN_SUSPICIOUS_MOVE = YES;
				CLANG_WARN_UNGUARDED_AVAILABILITY = YES_AGGRESSIVE;
				CLANG_WARN_UNREACHABLE_CODE = YES;
				CLANG_WARN__DUPLICATE_METHOD_MATCH = YES;
				COPY_PHASE_STRIP = NO;
				DEBUG_INFORMATION_FORMAT = "dwarf-with-dsym";
				DEVELOPMENT_TEAM = V2D2TL57B8;
				ENABLE_NS_ASSERTIONS = NO;
				ENABLE_STRICT_OBJC_MSGSEND = YES;
				ENABLE_USER_SCRIPT_SANDBOXING = YES;
				GCC_C_LANGUAGE_STANDARD = gnu17;
				GCC_NO_COMMON_BLOCKS = YES;
				GCC_WARN_64_TO_32_BIT_CONVERSION = YES;
				GCC_WARN_ABOUT_RETURN_TYPE = YES_ERROR;
				GCC_WARN_UNDECLARED_SELECTOR = YES;
				GCC_WARN_UNINITIALIZED_AUTOS = YES_AGGRESSIVE;
				GCC_WARN_UNUSED_FUNCTION = YES;
				GCC_WARN_UNUSED_VARIABLE = YES;
				LOCALIZATION_PREFERS_STRING_CATALOGS = YES;
				MACOSX_DEPLOYMENT_TARGET = 26.2;
				MTL_ENABLE_DEBUG_INFO = NO;
				MTL_FAST_MATH = YES;
				SDKROOT = macosx;
				SWIFT_COMPILATION_MODE = wholemodule;
			};
			name = Release;
		};
		6DF99B532F4A643A00FD5D15 /* Debug */ = {
			isa = XCBuildConfiguration;
			buildSettings = {
				ASSETCATALOG_COMPILER_APPICON_NAME = keynote_outliner;
				ASSETCATALOG_COMPILER_GLOBAL_ACCENT_COLOR_NAME = AccentColor;
				CODE_SIGN_STYLE = Automatic;
				COMBINE_HIDPI_IMAGES = YES;
				CURRENT_PROJECT_VERSION = 1;
				DEVELOPMENT_TEAM = V2D2TL57B8;
				ENABLE_APP_SANDBOX = NO;
				ENABLE_HARDENED_RUNTIME = YES;
				ENABLE_PREVIEWS = YES;
				ENABLE_USER_SELECTED_FILES = readonly;
				GENERATE_INFOPLIST_FILE = NO;
				INFOPLIST_FILE = "Info.plist";
				LD_RUNPATH_SEARCH_PATHS = (
					"$(inherited)",
					"@executable_path/../Frameworks",
				);
				MARKETING_VERSION = 1.0;
				PRODUCT_BUNDLE_IDENTIFIER = "app.amorfati.Keynote-Outliner";
				PRODUCT_NAME = "$(TARGET_NAME)";
				REGISTER_APP_GROUPS = YES;
				STRING_CATALOG_GENERATE_SYMBOLS = YES;
				SWIFT_APPROACHABLE_CONCURRENCY = YES;
				SWIFT_DEFAULT_ACTOR_ISOLATION = MainActor;
				SWIFT_EMIT_LOC_STRINGS = YES;
				SWIFT_UPCOMING_FEATURE_MEMBER_IMPORT_VISIBILITY = YES;
				SWIFT_VERSION = 5.0;
			};
			name = Debug;
		};
		6DF99B542F4A643A00FD5D15 /* Release */ = {
			isa = XCBuildConfiguration;
			buildSettings = {
				ASSETCATALOG_COMPILER_APPICON_NAME = keynote_outliner;
				ASSETCATALOG_COMPILER_GLOBAL_ACCENT_COLOR_NAME = AccentColor;
				CODE_SIGN_STYLE = Automatic;
				COMBINE_HIDPI_IMAGES = YES;
				CURRENT_PROJECT_VERSION = 1;
				DEVELOPMENT_TEAM = V2D2TL57B8;
				ENABLE_APP_SANDBOX = NO;
				ENABLE_HARDENED_RUNTIME = YES;
				ENABLE_PREVIEWS = YES;
				ENABLE_USER_SELECTED_FILES = readonly;
				GENERATE_INFOPLIST_FILE = NO;
				INFOPLIST_FILE = "Info.plist";
				LD_RUNPATH_SEARCH_PATHS = (
					"$(inherited)",
					"@executable_path/../Frameworks",
				);
				MARKETING_VERSION = 1.0;
				PRODUCT_BUNDLE_IDENTIFIER = "app.amorfati.Keynote-Outliner";
				PRODUCT_NAME = "$(TARGET_NAME)";
				REGISTER_APP_GROUPS = YES;
				STRING_CATALOG_GENERATE_SYMBOLS = YES;
				SWIFT_APPROACHABLE_CONCURRENCY = YES;
				SWIFT_DEFAULT_ACTOR_ISOLATION = MainActor;
				SWIFT_EMIT_LOC_STRINGS = YES;
				SWIFT_UPCOMING_FEATURE_MEMBER_IMPORT_VISIBILITY = YES;
				SWIFT_VERSION = 5.0;
			};
			name = Release;
		};
		E19F10092F4A643900FD5D15 /* Debug */ = {
			isa = XCBuildConfiguration;
			buildSettings = {
				BUNDLE_LOADER = "$(TEST_HOST)";
				CODE_SIGN_STYLE = Automatic;
				CURRENT_PROJECT_VERSION = 1;
				DEVELOPMENT_TEAM = V2D2TL57B8;
				GENERATE_INFOPLIST_FILE = YES;
				MACOSX_DEPLOYMENT_TARGET = 26.2;
				MARKETING_VERSION = 1.0;
				PRODUCT_BUNDLE_IDENTIFIER = "app.amorfati.Keynote-OutlinerTests";
				PRODUCT_NAME = "$(TARGET_NAME)";
				STRING_CATALOG_GENERATE_SYMBOLS = NO;
				SWIFT_APPROACHABLE_CONCURRENCY = YES;
				SWIFT_EMIT_LOC_STRINGS = NO;
				SWIFT_UPCOMING_FEATURE_MEMBER_IMPORT_VISIBILITY = YES;
				SWIFT_VERSION = 5.0;
				TEST_HOST = "$(BUILT_PRODUCTS_DIR)/Keynote Outliner.app/$(BUNDLE_EXECUTABLE_FOLDER_PATH)/Keynote Outliner";
			};
			name = Debug;
		};
		E19F100A2F4A643900FD5D15 /* Release */ = {
			isa = XCBuildConfiguration;
			buildSettings = {
				BUNDLE_LOADER = "$(TEST_HOST)";
				CODE_SIGN_STYLE = Automatic;
				CURRENT_PROJECT_VERSION = 1;
				DEVELOPMENT_TEAM = V2D2TL57B8;
				GENERATE_INFOPLIST_FILE = YES;
				MACOSX_DEPLOYMENT_TARGET = 26.2;
				MARKETING_VERSION = 1.0;
				PRODUCT_BUNDLE_IDENTIFIER = "app.amorfati.Keynote-OutlinerTests";
				PRODUCT_NAME = "$(TARGET_NAME)";
				STRING_CATALOG_GENERATE_SYMBOLS = NO;
				SWIFT_APPROACHABLE_CONCURRENCY = YES;
				SWIFT_EMIT_LOC_STRINGS = NO;
				SWIFT_UPCOMING_FEATURE_MEMBER_IMPORT_VISIBILITY = YES;
				SWIFT_VERSION = 5.0;
				TEST_HOST = "$(BUILT_PRODUCTS_DIR)/Keynote Outliner.app/$(BUNDLE_EXECUTABLE_FOLDER_PATH)/Keynote Outliner";
			};
			name = Release;
		};
		E19F20092F4A643900FD5D15 /* Debug */ = {
			isa = XCBuildConfiguration;
			buildSettings = {
				CODE_SIGN_STYLE = Automatic;
				CURRENT_PROJECT_VERSION = 1;
				DEVELOPMENT_TEAM = V2D2TL57B8;
				GENERATE_INFOPLIST_FILE = YES;
				LD_RUNPATH_SEARCH_PATHS = (
					"$(inherited)",
					"@executable_path/../Frameworks",
					"@loader_path/../Frameworks",
					"@loader_path/Frameworks",
				);
				MACOSX_DEPLOYMENT_TARGET = 26.2;
				MARKETING_VERSION = 1.0;
				PRODUCT_BUNDLE_IDENTIFIER = "app.amorfati.Keynote-OutlinerUITests";
				PRODUCT_NAME = "$(TARGET_NAME)";
				STRING_CATALOG_GENERATE_SYMBOLS = NO;
				SWIFT_APPROACHABLE_CONCURRENCY = YES;
				SWIFT_EMIT_LOC_STRINGS = NO;
				SWIFT_UPCOMING_FEATURE_MEMBER_IMPORT_VISIBILITY = YES;
				SWIFT_VERSION = 5.0;
				TEST_TARGET_NAME = "Keynote Outliner";
			};
			name = Debug;
		};
		E19F200B2F4A643900FD5D15 /* Release */ = {
			isa = XCBuildConfiguration;
			buildSettings = {
				CODE_SIGN_STYLE = Automatic;
				CURRENT_PROJECT_VERSION = 1;
				DEVELOPMENT_TEAM = V2D2TL57B8;
				GENERATE_INFOPLIST_FILE = YES;
				LD_RUNPATH_SEARCH_PATHS = (
					"$(inherited)",
					"@executable_path/../Frameworks",
					"@loader_path/../Frameworks",
					"@loader_path/Frameworks",
				);
				MACOSX_DEPLOYMENT_TARGET = 26.2;
				MARKETING_VERSION = 1.0;
				PRODUCT_BUNDLE_IDENTIFIER = "app.amorfati.Keynote-OutlinerUITests";
				PRODUCT_NAME = "$(TARGET_NAME)";
				STRING_CATALOG_GENERATE_SYMBOLS = NO;
				SWIFT_APPROACHABLE_CONCURRENCY = YES;
				SWIFT_EMIT_LOC_STRINGS = NO;
				SWIFT_UPCOMING_FEATURE_MEMBER_IMPORT_VISIBILITY = YES;
				SWIFT_VERSION = 5.0;
				TEST_TARGET_NAME = "Keynote Outliner";
			};
			name = Release;
		};
/* End XCBuildConfiguration section */

/* Begin XCConfigurationList section */
		6DF99B422F4A643900FD5D15 /* Build configuration list for PBXProject "Keynote Outliner" */ = {
			isa = XCConfigurationList;
			buildConfigurations = (
				6DF99B502F4A643A00FD5D15 /* Debug */,
				6DF99B512F4A643A00FD5D15 /* Release */,
			);
			defaultConfigurationIsVisible = 0;
			defaultConfigurationName = Release;
		};
		6DF99B522F4A643A00FD5D15 /* Build configuration list for PBXNativeTarget "Keynote Outliner" */ = {
			isa = XCConfigurationList;
			buildConfigurations = (
				6DF99B532F4A643A00FD5D15 /* Debug */,
				6DF99B542F4A643A00FD5D15 /* Release */,
			);
			defaultConfigurationIsVisible = 0;
			defaultConfigurationName = Release;
		};
		E19F100B2F4A643900FD5D15 /* Build configuration list for PBXNativeTarget "Keynote OutlinerTests" */ = {
			isa = XCConfigurationList;
			buildConfigurations = (
				E19F10092F4A643900FD5D15 /* Debug */,
				E19F100A2F4A643900FD5D15 /* Release */,
			);
			defaultConfigurationIsVisible = 0;
			defaultConfigurationName = Release;
		};
		E19F200A2F4A643900FD5D15 /* Build configuration list for PBXNativeTarget "Keynote OutlinerUITests" */ = {
			isa = XCConfigurationList;
			buildConfigurations = (
				E19F20092F4A643900FD5D15 /* Debug */,
				E19F200B2F4A643900FD5D15 /* Release */,
			);
			defaultConfigurationIsVisible = 0;
			defaultConfigurationName = Release;
		};
/* End XCConfigurationList section */
	};
	rootObject = 6DF99B3F2F4A643900FD5D15 /* Project object */;
}
